# This file is autogenerated, do not edit; changes may be undone by the next 'dep ensure'.


[[projects]]
  digest = "1:38beba9afeb613a2a1504b118165c1a6caea134160c969980427952c7a475f44"
  name = "github.com/KyleBanks/depth"
  packages = ["."]
  pruneopts = "UT"
  revision = "fec4dc38699e903ea7b44b2887549d2e7cd0a9f1"
  version = "v1.2.1"

[[projects]]
  digest = "1:a2682518d905d662d984ef9959984ef87cecb777d379bfa9d9fe40e78069b3e4"
  name = "github.com/PuerkitoBio/purell"
  packages = ["."]
  pruneopts = "UT"
  revision = "44968752391892e1b0d0b821ee79e9a85fa13049"
  version = "v1.1.1"

[[projects]]
  branch = "master"
  digest = "1:c739832d67eb1e9cc478a19cc1a1ccd78df0397bf8a32978b759152e205f644b"
  name = "github.com/PuerkitoBio/urlesc"
  packages = ["."]
  pruneopts = "UT"
  revision = "de5bf2ad457846296e2031421a34e2568e304e35"

[[projects]]
  branch = "master"
  digest = "1:125f098c5294814b5d9ce2194f03a435c35a6208f029e61681bed9a893d68133"
  name = "github.com/alecthomas/template"
  packages = [
    ".",
    "parse",
  ]
  pruneopts = "UT"
  revision = "fb15b899a75114aa79cc930e33c46b577cc664b1"

[[projects]]
  digest = "1:ffe9824d294da03b391f44e1ae8281281b4afc1bdaa9588c9097785e3af10cec"
  name = "github.com/davecgh/go-spew"
  packages = ["spew"]
  pruneopts = "UT"
  revision = "8991bc29aa16c548c550c7ff78260e27b9ab7c73"
  version = "v1.1.1"

[[projects]]
  digest = "1:3ee1d175a75b911a659fbd860060874c4f503e793c5870d13e5a0ede529a63cf"
  name = "github.com/gin-contrib/sse"
  packages = ["."]
  pruneopts = "UT"
  revision = "54d8467d122d380a14768b6b4e5cd7ca4755938f"
  version = "v0.1.0"

[[projects]]
  digest = "1:249eec71412b5d3bb94374292ccbc81a1e8314cd2c6b2c830add3357e6c4b842"
  name = "github.com/gin-gonic/gin"
  packages = [
    ".",
    "binding",
    "internal/json",
    "render",
  ]
  pruneopts = "UT"
  revision = "15ced05c5316609bce5b43389f8e3f06102a8b18"
  version = "v1.5.0"

[[projects]]
  digest = "1:ed15647db08b6d63666bf9755d337725960c302bbfa5e23754b4b915a4797e42"
  name = "github.com/go-openapi/jsonpointer"
  packages = ["."]
  pruneopts = "UT"
  revision = "ed123515f087412cd7ef02e49b0b0a5e6a79a360"
  version = "v0.19.3"

[[projects]]
  digest = "1:451fe53c19443c6941be5d4295edc973a3eb16baccb940efee94284024be03b0"
  name = "github.com/go-openapi/jsonreference"
  packages = ["."]
  pruneopts = "UT"
  revision = "82f31475a8f7a12bc26962f6e26ceade8ea6f66a"
  version = "v0.19.3"

[[projects]]
  digest = "1:97899a475b12f80513ede1ea1806dc3bd91380e233d463aff8360a2ac1bfb3b4"
  name = "github.com/go-openapi/spec"
  packages = ["."]
  pruneopts = "UT"
  revision = "dce82e4362c708e636da7feb0831bd29efb5cd97"
  version = "v0.19.6"

[[projects]]
  digest = "1:46055af5313a0deb06c423d849283aac853f554df5a3c42e705a81b8ebf7f1c4"
  name = "github.com/go-openapi/swag"
  packages = ["."]
  pruneopts = "UT"
  revision = "6a1eb9830f1c6b090dcd01cee6c3983604a2306f"
  version = "v0.19.7"

[[projects]]
  digest = "1:e1cbe9ce835f515ce57500b8db6b94f399650bea2ddfac59f9b05d98db77a96d"
  name = "github.com/go-playground/locales"
  packages = [
    ".",
    "currency",
  ]
  pruneopts = "UT"
  revision = "9f105231d3a5f6877a2bf8321dfa15ea6f844b1b"
  version = "v0.13.0"

[[projects]]
  digest = "1:0d18fff5db6983e912eb2ac15038ed3eabb8ec03c9bd9129b10cd0213f50ec6d"
  name = "github.com/go-playground/universal-translator"
  packages = ["."]
  pruneopts = "UT"
  revision = "f87b1403479a348651dbf5f07f5cc6e5fcf07008"
  version = "v0.17.0"

[[projects]]
  digest = "1:318f1c959a8a740366fce4b1e1eb2fd914036b4af58fbd0a003349b305f118ad"
  name = "github.com/golang/protobuf"
  packages = ["proto"]
  pruneopts = "UT"
  revision = "c823c79ea1570fb5ff454033735a8e68575d1d0f"
  version = "v1.3.0"

[[projects]]
  digest = "1:f5a2051c55d05548d2d4fd23d244027b59fbd943217df8aa3b5e170ac2fd6e1b"
  name = "github.com/json-iterator/go"
  packages = ["."]
  pruneopts = "UT"
  revision = "0ff49de124c6f76f8494e194af75bde0f1a49a29"
  version = "v1.1.6"

[[projects]]
  digest = "1:803b281410ec195645c782ddb9cb029d43c2855d4b7824ea31104985b507a458"
  name = "github.com/leodido/go-urn"
  packages = ["."]
  pruneopts = "UT"
  revision = "a0f5013415294bb94553821ace21a1a74c0298cc"
  version = "v1.2.0"

[[projects]]
  digest = "1:7bbccd3dd7998f2a180264ec1d12e362ed8e02f55ea7b82ac0d0f48ffa2d8888"
  name = "github.com/mailru/easyjson"
  packages = [
    "buffer",
    "jlexer",
    "jwriter",
  ]
  pruneopts = "UT"
  revision = "8edcc4e51f39ddbd3505a3386aff3f435a7fd028"
  version = "v0.7.1"

[[projects]]
  digest = "1:e150b5fafbd7607e2d638e4e5cf43aa4100124e5593385147b0a74e2733d8b0d"
  name = "github.com/mattn/go-isatty"
  packages = ["."]
  pruneopts = "UT"
  revision = "c2a7a6ca930a4cd0bc33a3f298eb71960732a3a7"
  version = "v0.0.7"

[[projects]]
  digest = "1:33422d238f147d247752996a26574ac48dcf472976eda7f5134015f06bf16563"
  name = "github.com/modern-go/concurrent"
  packages = ["."]
  pruneopts = "UT"
  revision = "bacd9c7ef1dd9b15be4a9909b8ac7a4e313eec94"
  version = "1.0.3"

[[projects]]
  digest = "1:e32bdbdb7c377a07a9a46378290059822efdce5c8d96fe71940d87cb4f918855"
  name = "github.com/modern-go/reflect2"
  packages = ["."]
  pruneopts = "UT"
  revision = "4b7aa43c6742a2c18fdef89dd197aaae7dac7ccd"
  version = "1.0.1"

[[projects]]
  digest = "1:0028cb19b2e4c3112225cd871870f2d9cf49b9b4276531f03438a88e94be86fe"
  name = "github.com/pmezard/go-difflib"
  packages = ["difflib"]
  pruneopts = "UT"
  revision = "792786c7400a136282c1664665ae0a8db921c6c2"
  version = "v1.0.0"

[[projects]]
  digest = "1:5e8f46b412421d2d6cceea845d28ac46f3f5a5f60a6e86f0ee75e24fd43a02a9"
  name = "github.com/stretchr/testify"
  packages = ["assert"]
  pruneopts = "UT"
  revision = "3ebf1ddaeb260c4b1ae502a01c7844fa8c1fa0e9"
  version = "v1.5.1"

[[projects]]
  branch = "master"
  digest = "1:352542e124c4ac4872542f4e5226d6648ba42a037e7bf6656fb1627e37ae059b"
  name = "github.com/swaggo/files"
  packages = ["."]
  pruneopts = "UT"
  revision = "630677cd5c140664e2ff6b53e75c289877268c69"

[[projects]]
  digest = "1:bb707a2464f98bf4c0f88f435082d601084dc188fb33081ebe76f90cb383fc7b"
  name = "github.com/swaggo/gin-swagger"
  packages = ["."]
  pruneopts = "UT"
  revision = "ddb15761267c07109d8249ad8230df5ecf94c1c7"
  version = "v1.2.0"

[[projects]]
  digest = "1:8a06150e83a48c14df41773f19a3e3d80c5195d8d695aa8f4a781c4fd853da85"
  name = "github.com/swaggo/swag"
  packages = ["."]
  pruneopts = "UT"
  revision = "eebe67fc31c39a02a763bcaa815baab805112cf3"
  version = "v1.6.5"

[[projects]]
  digest = "1:58582db700776596d743a53a27e3588dd41c2615f82082f55fb99f22e30bbb66"
  name = "github.com/ugorji/go"
  packages = ["codec"]
  pruneopts = "UT"
  revision = "82dbfaf494e3b01d2d481376f11f6a5c8cf9599f"
  version = "v1.1.6"

[[projects]]
  digest = "1:19525e48b45af69339bd7c2812137dbd1e650a78fc09c7c75482e307d51aa28d"
  name = "go.uber.org/atomic"
  packages = ["."]
  pruneopts = "UT"
  revision = "845920076a298bdb984fb0f1b86052e4ca0a281c"
  version = "v1.6.0"

[[projects]]
  digest = "1:a23ddd39502ba94e2a72815a946d0edec801defcf0a0c0530d04acee1f455128"
  name = "go.uber.org/multierr"
  packages = ["."]
  pruneopts = "UT"
  revision = "b587143a48b62b01d337824eab43700af6ffe222"
  version = "v1.5.0"

[[projects]]
  digest = "1:7cf33d98a2a8d4ddb940ee365e1d93c334de32813767cf2e78bfb2774f6d78ec"
  name = "go.uber.org/zap"
  packages = [
    ".",
    "buffer",
    "internal/bufferpool",
    "internal/color",
    "internal/exit",
    "zapcore",
  ]
  pruneopts = "UT"
  revision = "c89bd3c833f56cad3bc6dfa104b9c6d144526145"
  version = "v1.14.0"

[[projects]]
  branch = "master"
  digest = "1:802fc3c45ff4507b6e4a5c0c5ea55836242aeac3b8eddfe31d5d80a3cac50731"
  name = "golang.org/x/lint"
  packages = [
    ".",
    "golint",
  ]
  pruneopts = "UT"
  revision = "910be7a94367618fd0fd25eaabbee4fdc0ac7092"

[[projects]]
  branch = "master"
  digest = "1:7e021a538e86f4247ddc67b34826c87d2d1d40ce2d1b61fc56b62a164a19c051"
  name = "golang.org/x/net"
  packages = [
    "idna",
    "webdav",
    "webdav/internal/xml",
  ]
  pruneopts = "UT"
  revision = "0de0cce0169b09b364e001f108dc0399ea8630b3"

[[projects]]
  branch = "master"
  digest = "1:578046baf093df15df2904bbb0fe06f3f2385bad59987532201007754aa7e1d5"
  name = "golang.org/x/sys"
  packages = ["unix"]
  pruneopts = "UT"
  revision = "d5e6a3e2c0ae16fc7480523ebcb7fd4dd3215489"

[[projects]]
  digest = "1:66a2f252a58b4fbbad0e4e180e1d85a83c222b6bce09c3dcdef3dc87c72eda7c"
  name = "golang.org/x/text"
  packages = [
    "collate",
    "collate/build",
    "internal/colltab",
    "internal/gen",
    "internal/language",
    "internal/language/compact",
    "internal/tag",
    "internal/triegen",
    "internal/ucd",
    "language",
    "secure/bidirule",
    "transform",
    "unicode/bidi",
    "unicode/cldr",
    "unicode/norm",
    "unicode/rangetable",
    "width",
  ]
  pruneopts = "UT"
  revision = "342b2e1fbaa52c93f31447ad2c6abc048c63e475"
  version = "v0.3.2"

[[projects]]
  branch = "master"
  digest = "1:90f78068944ea75103ec2f46594830e2727979a03f79889bfc5d529e96309a89"
  name = "golang.org/x/tools"
  packages = [
    "go/ast/astutil",
    "go/buildutil",
    "go/gcexportdata",
    "go/internal/cgo",
    "go/internal/gcimporter",
    "go/loader",
    "go/types/typeutil",
  ]
  pruneopts = "UT"
  revision = "204d844ad48d13a8a6db39aec90b837cce2e46d9"

[[projects]]
  digest = "1:7bb1ad654b21fb8f44c77c07840007d6796f70d42d1b470600f943a508ff8a72"
  name = "gopkg.in/go-playground/validator.v9"
  packages = ["."]
  pruneopts = "UT"
  revision = "46b4b1e301c24cac870ffcb4ba5c8a703d1ef475"
  version = "v9.28.0"

[[projects]]
  digest = "1:55b110c99c5fdc4f14930747326acce56b52cfce60b24b1c03ef686ac0e46bb1"
  name = "gopkg.in/yaml.v2"
  packages = ["."]
  pruneopts = "UT"
  revision = "53403b58ad1b561927d19068c655246f2db79d48"
  version = "v2.2.8"

[solve-meta]
  analyzer-name = "dep"
  analyzer-version = 1
  input-imports = [
    "github.com/alecthomas/template",
    "github.com/gin-gonic/gin",
    "github.com/stretchr/testify/assert",
    "github.com/swaggo/files",
    "github.com/swaggo/gin-swagger",
    "github.com/swaggo/swag",
    "go.uber.org/zap",
    "go.uber.org/zap/zapcore",
  ]
  solver-name = "gps-cdcl"
  solver-version = 1
